
Microsoft Visual Studio Solution File, Format Version 12.00
# Visual Studio Version 16
VisualStudioVersion = 16.0.31129.286
MinimumVisualStudioVersion = 10.0.40219.1
Project("{8BC9CEB8-8B4A-11D0-8D11-00A0C91BC942}") = "sukablyat", "sukablyat\sukablyat.vcxproj", "{1AACF2C1-4A0E-4DC2-ADC0-A6BA3D404770}"
EndProject
Global
	GlobalSection(SolutionConfigurationPlatforms) = preSolution
		Debug|x64 = Debug|x64
		Debug|x86 = Debug|x86
		Release|x64 = Release|x64
		Release|x86 = Release|x86
	EndGlobalSection
	GlobalSection(ProjectConfigurationPlatforms) = postSolution
		{1AACF2C1-4A0E-4DC2-ADC0-A6BA3D404770}.Debug|x64.ActiveCfg = Debug|x64
		{1AACF2C1-4A0E-4DC2-ADC0-A6BA3D404770}.Debug|x64.Build.0 = Debug|x64
		{1AACF2C1-4A0E-4DC2-ADC0-A6BA3D404770}.Debug|x86.ActiveCfg = Debug|Win32
		{1AACF2C1-4A0E-4DC2-ADC0-A6BA3D404770}.Debug|x86.Build.0 = Debug|Win32
		{1AACF2C1-4A0E-4DC2-ADC0-A6BA3D404770}.Release|x64.ActiveCfg = Release|x64
		{1AACF2C1-4A0E-4DC2-ADC0-A6BA3D404770}.Release|x64.Build.0 = Release|x64
		{1AACF2C1-4A0E-4DC2-ADC0-A6BA3D404770}.Release|x86.ActiveCfg = Release|Win32
		{1AACF2C1-4A0E-4DC2-ADC0-A6BA3D404770}.Release|x86.Build.0 = Release|Win32
	EndGlobalSection
	GlobalSection(SolutionProperties) = preSolution
		HideSolutionNode = FALSE
	EndGlobalSection
	GlobalSection(ExtensibilityGlobals) = postSolution
		SolutionGuid = {F2F48231-65C7-43C2-888E-6936B9D9A900}
	EndGlobalSection
EndGlobal
